
Microsoft Visual Studio Solution File, Format Version 12.00
# Visual Studio Version 17
VisualStudioVersion = 17.14.36408.4 d17.14
MinimumVisualStudioVersion = 10.0.40219.1
Project("{FAE04EC0-301F-11D3-BF4B-00C04F79EFBC}") = "ApiProyecto", "ApiProyecto.csproj", "{66913DA9-8C10-4B8C-8BE4-CF86FEEB8783}"
EndProject
Global
	GlobalSection(SolutionConfigurationPlatforms) = preSolution
		Debug|Any CPU = Debug|Any CPU
		Release|Any CPU = Release|Any CPU
	EndGlobalSection
	GlobalSection(ProjectConfigurationPlatforms) = postSolution
		{66913DA9-8C10-4B8C-8BE4-CF86FEEB8783}.Debug|Any CPU.ActiveCfg = Debug|Any CPU
		{66913DA9-8C10-4B8C-8BE4-CF86FEEB8783}.Debug|Any CPU.Build.0 = Debug|Any CPU
		{66913DA9-8C10-4B8C-8BE4-CF86FEEB8783}.Release|Any CPU.ActiveCfg = Release|Any CPU
		{66913DA9-8C10-4B8C-8BE4-CF86FEEB8783}.Release|Any CPU.Build.0 = Release|Any CPU
	EndGlobalSection
	GlobalSection(SolutionProperties) = preSolution
		HideSolutionNode = FALSE
	EndGlobalSection
	GlobalSection(ExtensibilityGlobals) = postSolution
		SolutionGuid = {C88E1201-6541-480C-AC09-BE95D3D11008}
	EndGlobalSection
EndGlobal
